{
  "name": "hill-equation",
  "version": "1.0.0",
  "lockfileVersion": 3,
  "requires": true,
  "packages": {
    "": {
      "name": "hill-equation",
      "version": "1.0.0",
      "dependencies": {
        "satellite.js": "^6.0.0",
        "three": "^0.160.0"
      },
      "devDependencies": {
        "@types/three": "^0.160.0",
        "bun-types": "latest",
        "typescript": "^5.0.0"
      }
    },
    "node_modules/@types/node": {
      "version": "22.15.29",
      "dev": true,
      "license": "MIT",
      "dependencies": {
        "undici-types": "~6.21.0"
      }
    },
    "node_modules/@types/stats.js": {
      "version": "0.17.4",
      "dev": true,
      "license": "MIT"
    },
    "node_modules/@types/three": {
      "version": "0.160.0",
      "dev": true,
      "license": "MIT",
      "dependencies": {
        "@types/stats.js": "*",
        "@types/webxr": "*",
        "fflate": "~0.6.10",
        "meshoptimizer": "~0.18.1"
      }
    },
    "node_modules/@types/webxr": {
      "version": "0.5.22",
      "dev": true,
      "license": "MIT"
    },
    "node_modules/bun-types": {
      "version": "1.2.15",
      "resolved": "https://registry.npmjs.org/bun-types/-/bun-types-1.2.15.tgz",
      "integrity": "sha512-NarRIaS+iOaQU1JPfyKhZm4AsUOrwUOqRNHY0XxI8GI8jYxiLXLcdjYMG9UKS+fwWasc1uw1htV9AX24dD+p4w==",
      "dev": true,
      "license": "MIT",
      "dependencies": {
        "@types/node": "*"
      }
    },
    "node_modules/fflate": {
      "version": "0.6.10",
      "dev": true,
      "license": "MIT"
    },
    "node_modules/meshoptimizer": {
      "version": "0.18.1",
      "dev": true,
      "license": "MIT"
    },
    "node_modules/satellite.js": {
      "version": "6.0.0",
      "resolved": "https://registry.npmjs.org/satellite.js/-/satellite.js-6.0.0.tgz",
      "integrity": "sha512-A1OTZpIDgzCj1SYJZYs3aISsBuhE0jAZG3n6Pymxq5FFsScNSLIgabu8a1w0Wu56Mf1eoL+pcK4tXgaPNXtdSw==",
      "license": "MIT"
    },
    "node_modules/three": {
      "version": "0.160.1",
      "license": "MIT"
    },
    "node_modules/typescript": {
      "version": "5.8.3",
      "dev": true,
      "license": "Apache-2.0",
      "bin": {
        "tsc": "bin/tsc",
        "tsserver": "bin/tsserver"
      },
      "engines": {
        "node": ">=14.17"
      }
    },
    "node_modules/undici-types": {
      "version": "6.21.0",
      "dev": true,
      "license": "MIT"
    }
  }
}
